
Microsoft Visual Studio Solution File, Format Version 12.00
# Visual Studio Version 17
VisualStudioVersion = 17.7.34024.191
MinimumVisualStudioVersion = 10.0.40219.1
Project("{9A19103F-16F7-4668-BE54-9A1E7A4F7556}") = "Homework_1", "Homework_1\Homework_1.csproj", "{CF07373D-8955-4349-A294-55D631298CE6}"
EndProject
Project("{9A19103F-16F7-4668-BE54-9A1E7A4F7556}") = "Homework_5", "Homework_5\Homework_5.csproj", "{580577AF-389A-4DFE-AAB4-D1372D1F03BB}"
EndProject
Project("{9A19103F-16F7-4668-BE54-9A1E7A4F7556}") = "Homework_6", "Homework_6\Homework_6.csproj", "{1A11B0D9-3B46-420A-8FC3-0BA65E263F3E}"
EndProject
Project("{9A19103F-16F7-4668-BE54-9A1E7A4F7556}") = "Homework_7", "Homework_7\Homework_7.csproj", "{6E107B92-CAAD-4665-A073-DC2FF5BA7DAB}"
EndProject
Project("{9A19103F-16F7-4668-BE54-9A1E7A4F7556}") = "Homework_8", "Homework_8\Homework_8.csproj", "{4C20686D-C6C0-4955-8F27-1E84565873C6}"
EndProject
Project("{FAE04EC0-301F-11D3-BF4B-00C04F79EFBC}") = "Homework_9", "Homework_9\Homework_9.csproj", "{AC8DB331-9BE6-40E1-A1DC-8D8467DA6929}"
EndProject
Global
	GlobalSection(SolutionConfigurationPlatforms) = preSolution
		Debug|Any CPU = Debug|Any CPU
		Release|Any CPU = Release|Any CPU
	EndGlobalSection
	GlobalSection(ProjectConfigurationPlatforms) = postSolution
		{CF07373D-8955-4349-A294-55D631298CE6}.Debug|Any CPU.ActiveCfg = Debug|Any CPU
		{CF07373D-8955-4349-A294-55D631298CE6}.Debug|Any CPU.Build.0 = Debug|Any CPU
		{CF07373D-8955-4349-A294-55D631298CE6}.Release|Any CPU.ActiveCfg = Release|Any CPU
		{CF07373D-8955-4349-A294-55D631298CE6}.Release|Any CPU.Build.0 = Release|Any CPU
		{580577AF-389A-4DFE-AAB4-D1372D1F03BB}.Debug|Any CPU.ActiveCfg = Debug|Any CPU
		{580577AF-389A-4DFE-AAB4-D1372D1F03BB}.Debug|Any CPU.Build.0 = Debug|Any CPU
		{580577AF-389A-4DFE-AAB4-D1372D1F03BB}.Release|Any CPU.ActiveCfg = Release|Any CPU
		{580577AF-389A-4DFE-AAB4-D1372D1F03BB}.Release|Any CPU.Build.0 = Release|Any CPU
		{1A11B0D9-3B46-420A-8FC3-0BA65E263F3E}.Debug|Any CPU.ActiveCfg = Debug|Any CPU
		{1A11B0D9-3B46-420A-8FC3-0BA65E263F3E}.Debug|Any CPU.Build.0 = Debug|Any CPU
		{1A11B0D9-3B46-420A-8FC3-0BA65E263F3E}.Release|Any CPU.ActiveCfg = Release|Any CPU
		{1A11B0D9-3B46-420A-8FC3-0BA65E263F3E}.Release|Any CPU.Build.0 = Release|Any CPU
		{6E107B92-CAAD-4665-A073-DC2FF5BA7DAB}.Debug|Any CPU.ActiveCfg = Debug|Any CPU
		{6E107B92-CAAD-4665-A073-DC2FF5BA7DAB}.Debug|Any CPU.Build.0 = Debug|Any CPU
		{6E107B92-CAAD-4665-A073-DC2FF5BA7DAB}.Release|Any CPU.ActiveCfg = Release|Any CPU
		{6E107B92-CAAD-4665-A073-DC2FF5BA7DAB}.Release|Any CPU.Build.0 = Release|Any CPU
		{4C20686D-C6C0-4955-8F27-1E84565873C6}.Debug|Any CPU.ActiveCfg = Debug|Any CPU
		{4C20686D-C6C0-4955-8F27-1E84565873C6}.Debug|Any CPU.Build.0 = Debug|Any CPU
		{4C20686D-C6C0-4955-8F27-1E84565873C6}.Release|Any CPU.ActiveCfg = Release|Any CPU
		{4C20686D-C6C0-4955-8F27-1E84565873C6}.Release|Any CPU.Build.0 = Release|Any CPU
		{AC8DB331-9BE6-40E1-A1DC-8D8467DA6929}.Debug|Any CPU.ActiveCfg = Debug|Any CPU
		{AC8DB331-9BE6-40E1-A1DC-8D8467DA6929}.Debug|Any CPU.Build.0 = Debug|Any CPU
		{AC8DB331-9BE6-40E1-A1DC-8D8467DA6929}.Release|Any CPU.ActiveCfg = Release|Any CPU
		{AC8DB331-9BE6-40E1-A1DC-8D8467DA6929}.Release|Any CPU.Build.0 = Release|Any CPU
	EndGlobalSection
	GlobalSection(SolutionProperties) = preSolution
		HideSolutionNode = FALSE
	EndGlobalSection
	GlobalSection(ExtensibilityGlobals) = postSolution
		SolutionGuid = {DE9B368F-DD0D-4E9E-ACDF-998403A82E80}
	EndGlobalSection
EndGlobal
